PODS:
  - barcode_scan (0.0.1):
    - Flutter
    - MTBBarcodeScanner
  - Flutter (1.0.0)
  - MTBBarcodeScanner (5.0.3)

DEPENDENCIES:
  - barcode_scan (from `/Users/simon/.pub-cache/hosted/pub.dartlang.org/barcode_scan-0.0.2/ios`)
  - Flutter (from `/Users/simon/src/github.com/flutter/flutter/bin/cache/artifacts/engine/ios`)

EXTERNAL SOURCES:
  barcode_scan:
    :path: /Users/simon/.pub-cache/hosted/pub.dartlang.org/barcode_scan-0.0.2/ios
  Flutter:
    :path: /Users/simon/src/github.com/flutter/flutter/bin/cache/artifacts/engine/ios

SPEC CHECKSUMS:
  barcode_scan: 33f586d02270046fc6559135038b34b5754eaa4f
  Flutter: d674e78c937094a75ac71dd77e921e840bea3dbf
  MTBBarcodeScanner: 3ce0f1b0085ef00c726ded663c490a63b29c9aa5

PODFILE CHECKSUM: 351e02e34b831289961ec3558a535cbd2c4965d2

COCOAPODS: 1.3.1
